
Microsoft Visual Studio Solution File, Format Version 12.00
# Visual Studio Version 17
VisualStudioVersion = 17.0.32126.317
MinimumVisualStudioVersion = 10.0.40219.1
Project("{9A19103F-16F7-4668-BE54-9A1E7A4F7556}") = "Aula8VS", "Aula8VS.csproj", "{BD821A15-4B69-4F83-A17A-EBE5EABC44DB}"
EndProject
Global
	GlobalSection(SolutionConfigurationPlatforms) = preSolution
		Debug|Any CPU = Debug|Any CPU
		Release|Any CPU = Release|Any CPU
	EndGlobalSection
	GlobalSection(ProjectConfigurationPlatforms) = postSolution
		{BD821A15-4B69-4F83-A17A-EBE5EABC44DB}.Debug|Any CPU.ActiveCfg = Debug|Any CPU
		{BD821A15-4B69-4F83-A17A-EBE5EABC44DB}.Debug|Any CPU.Build.0 = Debug|Any CPU
		{BD821A15-4B69-4F83-A17A-EBE5EABC44DB}.Release|Any CPU.ActiveCfg = Release|Any CPU
		{BD821A15-4B69-4F83-A17A-EBE5EABC44DB}.Release|Any CPU.Build.0 = Release|Any CPU
	EndGlobalSection
	GlobalSection(SolutionProperties) = preSolution
		HideSolutionNode = FALSE
	EndGlobalSection
	GlobalSection(ExtensibilityGlobals) = postSolution
		SolutionGuid = {814D8B42-51DA-4DB1-8754-3DDD5C6A3289}
	EndGlobalSection
EndGlobal
