
Microsoft Visual Studio Solution File, Format Version 12.00
# Visual Studio Version 17
VisualStudioVersion = 17.1.32228.430
MinimumVisualStudioVersion = 10.0.40219.1
Project("{FAE04EC0-301F-11D3-BF4B-00C04F79EFBC}") = "Hello World", "Hello World\Hello World.csproj", "{958BBDD4-0446-4D7C-B30D-FC058A64F78F}"
EndProject
Global
	GlobalSection(SolutionConfigurationPlatforms) = preSolution
		Debug|Any CPU = Debug|Any CPU
		Release|Any CPU = Release|Any CPU
	EndGlobalSection
	GlobalSection(ProjectConfigurationPlatforms) = postSolution
		{958BBDD4-0446-4D7C-B30D-FC058A64F78F}.Debug|Any CPU.ActiveCfg = Debug|Any CPU
		{958BBDD4-0446-4D7C-B30D-FC058A64F78F}.Debug|Any CPU.Build.0 = Debug|Any CPU
		{958BBDD4-0446-4D7C-B30D-FC058A64F78F}.Release|Any CPU.ActiveCfg = Release|Any CPU
		{958BBDD4-0446-4D7C-B30D-FC058A64F78F}.Release|Any CPU.Build.0 = Release|Any CPU
	EndGlobalSection
	GlobalSection(SolutionProperties) = preSolution
		HideSolutionNode = FALSE
	EndGlobalSection
	GlobalSection(ExtensibilityGlobals) = postSolution
		SolutionGuid = {129A0AC5-16BF-4E13-9E0B-D5B89E719BF7}
	EndGlobalSection
EndGlobal
